
Microsoft Visual Studio Solution File, Format Version 12.00
# Visual Studio Version 17
VisualStudioVersion = 17.8.34525.116
MinimumVisualStudioVersion = 10.0.40219.1
Project("{9A19103F-16F7-4668-BE54-9A1E7A4F7556}") = "FEM.Common", "FEM.Common\FEM.Common.csproj", "{D2D464DE-C194-45E5-A84F-AB7FBEA2F612}"
EndProject
Project("{2150E333-8FDC-42A3-9474-1A3956D46DE8}") = "Backend", "Backend", "{B7148648-4449-4AD2-A6EE-DB1CB09E68F4}"
EndProject
Project("{FAE04EC0-301F-11D3-BF4B-00C04F79EFBC}") = "FEM.Server", "FEM.Server\FEM.Server.csproj", "{91461844-7FE6-406D-B358-B86B6278035F}"
EndProject
Project("{FAE04EC0-301F-11D3-BF4B-00C04F79EFBC}") = "FEM.UnitTests", "FEM.UnitTests\FEM.UnitTests.csproj", "{E29F4B50-7799-4B50-80C5-D949FE0E0F25}"
EndProject
Global
	GlobalSection(SolutionConfigurationPlatforms) = preSolution
		Debug|Any CPU = Debug|Any CPU
		Release|Any CPU = Release|Any CPU
	EndGlobalSection
	GlobalSection(ProjectConfigurationPlatforms) = postSolution
		{D2D464DE-C194-45E5-A84F-AB7FBEA2F612}.Debug|Any CPU.ActiveCfg = Debug|Any CPU
		{D2D464DE-C194-45E5-A84F-AB7FBEA2F612}.Debug|Any CPU.Build.0 = Debug|Any CPU
		{D2D464DE-C194-45E5-A84F-AB7FBEA2F612}.Release|Any CPU.ActiveCfg = Release|Any CPU
		{D2D464DE-C194-45E5-A84F-AB7FBEA2F612}.Release|Any CPU.Build.0 = Release|Any CPU
		{91461844-7FE6-406D-B358-B86B6278035F}.Debug|Any CPU.ActiveCfg = Debug|Any CPU
		{91461844-7FE6-406D-B358-B86B6278035F}.Debug|Any CPU.Build.0 = Debug|Any CPU
		{91461844-7FE6-406D-B358-B86B6278035F}.Release|Any CPU.ActiveCfg = Release|Any CPU
		{91461844-7FE6-406D-B358-B86B6278035F}.Release|Any CPU.Build.0 = Release|Any CPU
		{E29F4B50-7799-4B50-80C5-D949FE0E0F25}.Debug|Any CPU.ActiveCfg = Debug|Any CPU
		{E29F4B50-7799-4B50-80C5-D949FE0E0F25}.Debug|Any CPU.Build.0 = Debug|Any CPU
		{E29F4B50-7799-4B50-80C5-D949FE0E0F25}.Release|Any CPU.ActiveCfg = Release|Any CPU
		{E29F4B50-7799-4B50-80C5-D949FE0E0F25}.Release|Any CPU.Build.0 = Release|Any CPU
	EndGlobalSection
	GlobalSection(SolutionProperties) = preSolution
		HideSolutionNode = FALSE
	EndGlobalSection
	GlobalSection(NestedProjects) = preSolution
		{D2D464DE-C194-45E5-A84F-AB7FBEA2F612} = {B7148648-4449-4AD2-A6EE-DB1CB09E68F4}
		{91461844-7FE6-406D-B358-B86B6278035F} = {B7148648-4449-4AD2-A6EE-DB1CB09E68F4}
	EndGlobalSection
	GlobalSection(ExtensibilityGlobals) = postSolution
		SolutionGuid = {F1A165BD-7520-4F6A-91E6-85AE62EE901F}
	EndGlobalSection
EndGlobal
