
Microsoft Visual Studio Solution File, Format Version 12.00
# Visual Studio Version 17
VisualStudioVersion = 17.8.34525.116
MinimumVisualStudioVersion = 10.0.40219.1
Project("{9A19103F-16F7-4668-BE54-9A1E7A4F7556}") = "FEM.Core", "FEM.Core\FEM.Core.csproj", "{1B2FA5D3-295A-4681-BBA1-A05464EE4EBF}"
EndProject
Project("{9A19103F-16F7-4668-BE54-9A1E7A4F7556}") = "FEM.Common", "FEM.Common\FEM.Common.csproj", "{D2D464DE-C194-45E5-A84F-AB7FBEA2F612}"
EndProject
Project("{9A19103F-16F7-4668-BE54-9A1E7A4F7556}") = "FEM.Database", "FEM.Database\FEM.Database.csproj", "{A138A22C-60D9-4FB0-BBFD-3869BA793E6C}"
EndProject
Project("{9A19103F-16F7-4668-BE54-9A1E7A4F7556}") = "FEM.TerminalGui", "FEM.TerminalGui\FEM.TerminalGui.csproj", "{4C4C3871-40A2-4642-9B70-7BFF4C6AAC4D}"
EndProject
Project("{9A19103F-16F7-4668-BE54-9A1E7A4F7556}") = "FEM.Storage", "FEM.Storage\FEM.Storage.csproj", "{FEA8D4B2-49AD-4AB4-BA7C-7992D129C954}"
EndProject
Project("{9A19103F-16F7-4668-BE54-9A1E7A4F7556}") = "FEM.Solvers", "FEM.Solvers\FEM.Solvers.csproj", "{88E9D046-8E39-49EE-A2C3-EC489AA0D22F}"
EndProject
Project("{2150E333-8FDC-42A3-9474-1A3956D46DE8}") = "Backend", "Backend", "{B7148648-4449-4AD2-A6EE-DB1CB09E68F4}"
EndProject
Project("{2150E333-8FDC-42A3-9474-1A3956D46DE8}") = "Frontend", "Frontend", "{6AA42A06-3620-4F03-A7C6-A5F91BFE590F}"
EndProject
Project("{9A19103F-16F7-4668-BE54-9A1E7A4F7556}") = "Client.Shared", "Client.Shared\Client.Shared.csproj", "{E444C04A-040B-459D-B0BD-C746396FF565}"
EndProject
Global
	GlobalSection(SolutionConfigurationPlatforms) = preSolution
		Debug|Any CPU = Debug|Any CPU
		Release|Any CPU = Release|Any CPU
	EndGlobalSection
	GlobalSection(ProjectConfigurationPlatforms) = postSolution
		{1B2FA5D3-295A-4681-BBA1-A05464EE4EBF}.Debug|Any CPU.ActiveCfg = Debug|Any CPU
		{1B2FA5D3-295A-4681-BBA1-A05464EE4EBF}.Debug|Any CPU.Build.0 = Debug|Any CPU
		{1B2FA5D3-295A-4681-BBA1-A05464EE4EBF}.Release|Any CPU.ActiveCfg = Release|Any CPU
		{1B2FA5D3-295A-4681-BBA1-A05464EE4EBF}.Release|Any CPU.Build.0 = Release|Any CPU
		{D2D464DE-C194-45E5-A84F-AB7FBEA2F612}.Debug|Any CPU.ActiveCfg = Debug|Any CPU
		{D2D464DE-C194-45E5-A84F-AB7FBEA2F612}.Debug|Any CPU.Build.0 = Debug|Any CPU
		{D2D464DE-C194-45E5-A84F-AB7FBEA2F612}.Release|Any CPU.ActiveCfg = Release|Any CPU
		{D2D464DE-C194-45E5-A84F-AB7FBEA2F612}.Release|Any CPU.Build.0 = Release|Any CPU
		{A138A22C-60D9-4FB0-BBFD-3869BA793E6C}.Debug|Any CPU.ActiveCfg = Debug|Any CPU
		{A138A22C-60D9-4FB0-BBFD-3869BA793E6C}.Debug|Any CPU.Build.0 = Debug|Any CPU
		{A138A22C-60D9-4FB0-BBFD-3869BA793E6C}.Release|Any CPU.ActiveCfg = Release|Any CPU
		{A138A22C-60D9-4FB0-BBFD-3869BA793E6C}.Release|Any CPU.Build.0 = Release|Any CPU
		{4C4C3871-40A2-4642-9B70-7BFF4C6AAC4D}.Debug|Any CPU.ActiveCfg = Debug|Any CPU
		{4C4C3871-40A2-4642-9B70-7BFF4C6AAC4D}.Debug|Any CPU.Build.0 = Debug|Any CPU
		{4C4C3871-40A2-4642-9B70-7BFF4C6AAC4D}.Release|Any CPU.ActiveCfg = Release|Any CPU
		{4C4C3871-40A2-4642-9B70-7BFF4C6AAC4D}.Release|Any CPU.Build.0 = Release|Any CPU
		{FEA8D4B2-49AD-4AB4-BA7C-7992D129C954}.Debug|Any CPU.ActiveCfg = Debug|Any CPU
		{FEA8D4B2-49AD-4AB4-BA7C-7992D129C954}.Debug|Any CPU.Build.0 = Debug|Any CPU
		{FEA8D4B2-49AD-4AB4-BA7C-7992D129C954}.Release|Any CPU.ActiveCfg = Release|Any CPU
		{FEA8D4B2-49AD-4AB4-BA7C-7992D129C954}.Release|Any CPU.Build.0 = Release|Any CPU
		{88E9D046-8E39-49EE-A2C3-EC489AA0D22F}.Debug|Any CPU.ActiveCfg = Debug|Any CPU
		{88E9D046-8E39-49EE-A2C3-EC489AA0D22F}.Debug|Any CPU.Build.0 = Debug|Any CPU
		{88E9D046-8E39-49EE-A2C3-EC489AA0D22F}.Release|Any CPU.ActiveCfg = Release|Any CPU
		{88E9D046-8E39-49EE-A2C3-EC489AA0D22F}.Release|Any CPU.Build.0 = Release|Any CPU
		{E444C04A-040B-459D-B0BD-C746396FF565}.Debug|Any CPU.ActiveCfg = Debug|Any CPU
		{E444C04A-040B-459D-B0BD-C746396FF565}.Debug|Any CPU.Build.0 = Debug|Any CPU
		{E444C04A-040B-459D-B0BD-C746396FF565}.Release|Any CPU.ActiveCfg = Release|Any CPU
		{E444C04A-040B-459D-B0BD-C746396FF565}.Release|Any CPU.Build.0 = Release|Any CPU
	EndGlobalSection
	GlobalSection(SolutionProperties) = preSolution
		HideSolutionNode = FALSE
	EndGlobalSection
	GlobalSection(NestedProjects) = preSolution
		{1B2FA5D3-295A-4681-BBA1-A05464EE4EBF} = {B7148648-4449-4AD2-A6EE-DB1CB09E68F4}
		{D2D464DE-C194-45E5-A84F-AB7FBEA2F612} = {B7148648-4449-4AD2-A6EE-DB1CB09E68F4}
		{A138A22C-60D9-4FB0-BBFD-3869BA793E6C} = {B7148648-4449-4AD2-A6EE-DB1CB09E68F4}
		{4C4C3871-40A2-4642-9B70-7BFF4C6AAC4D} = {6AA42A06-3620-4F03-A7C6-A5F91BFE590F}
		{FEA8D4B2-49AD-4AB4-BA7C-7992D129C954} = {B7148648-4449-4AD2-A6EE-DB1CB09E68F4}
		{88E9D046-8E39-49EE-A2C3-EC489AA0D22F} = {B7148648-4449-4AD2-A6EE-DB1CB09E68F4}
		{E444C04A-040B-459D-B0BD-C746396FF565} = {6AA42A06-3620-4F03-A7C6-A5F91BFE590F}
	EndGlobalSection
	GlobalSection(ExtensibilityGlobals) = postSolution
		SolutionGuid = {F1A165BD-7520-4F6A-91E6-85AE62EE901F}
	EndGlobalSection
EndGlobal
