
Microsoft Visual Studio Solution File, Format Version 12.00
# Visual Studio Version 17
VisualStudioVersion = 17.8.34525.116
MinimumVisualStudioVersion = 10.0.40219.1
Project("{9A19103F-16F7-4668-BE54-9A1E7A4F7556}") = "FEM.Common", "FEM.Common\FEM.Common.csproj", "{D2D464DE-C194-45E5-A84F-AB7FBEA2F612}"
EndProject
Project("{9A19103F-16F7-4668-BE54-9A1E7A4F7556}") = "FEM.Database", "FEM.Database\FEM.Database.csproj", "{A138A22C-60D9-4FB0-BBFD-3869BA793E6C}"
EndProject
Project("{9A19103F-16F7-4668-BE54-9A1E7A4F7556}") = "FEM.Storage", "FEM.Storage\FEM.Storage.csproj", "{FEA8D4B2-49AD-4AB4-BA7C-7992D129C954}"
EndProject
Project("{9A19103F-16F7-4668-BE54-9A1E7A4F7556}") = "FEM.Solvers", "FEM.Solvers\FEM.Solvers.csproj", "{88E9D046-8E39-49EE-A2C3-EC489AA0D22F}"
EndProject
Project("{2150E333-8FDC-42A3-9474-1A3956D46DE8}") = "Backend", "Backend", "{B7148648-4449-4AD2-A6EE-DB1CB09E68F4}"
EndProject
Project("{2150E333-8FDC-42A3-9474-1A3956D46DE8}") = "Frontend", "Frontend", "{6AA42A06-3620-4F03-A7C6-A5F91BFE590F}"
EndProject
Project("{9A19103F-16F7-4668-BE54-9A1E7A4F7556}") = "Client.Shared", "Client.Shared\Client.Shared.csproj", "{E444C04A-040B-459D-B0BD-C746396FF565}"
EndProject
Project("{FAE04EC0-301F-11D3-BF4B-00C04F79EFBC}") = "FEM.Server", "FEM.Server\FEM.Server.csproj", "{91461844-7FE6-406D-B358-B86B6278035F}"
EndProject
Project("{FAE04EC0-301F-11D3-BF4B-00C04F79EFBC}") = "Client.Avalonia", "Client.Avalonia\Client.Avalonia.csproj", "{E8721982-AE44-44B5-BCFE-B5A4F3C6F0F6}"
EndProject
Project("{FAE04EC0-301F-11D3-BF4B-00C04F79EFBC}") = "FEM.NonStationary.Core", "FEM.NonStationary.Core\FEM.NonStationary.Core.csproj", "{CC52F0A0-3FCF-42A6-8896-AD8C131719A4}"
EndProject
Project("{FAE04EC0-301F-11D3-BF4B-00C04F79EFBC}") = "FEM.Common.Core", "FEM.Common.Core\FEM.Common.Core.csproj", "{ABF2CD56-922B-4EC2-A3AE-D131717AE278}"
EndProject
Project("{FAE04EC0-301F-11D3-BF4B-00C04F79EFBC}") = "FEM.Stationary.Core", "FEM.Stationary.Core\FEM.Stationary.Core.csproj", "{93B63743-46C4-4E0D-8A25-D7D09FF948A5}"
EndProject
Project("{2150E333-8FDC-42A3-9474-1A3956D46DE8}") = "NonStationary", "NonStationary", "{2ECFD17F-0771-49F2-8EFC-853FEBA041D7}"
EndProject
Project("{2150E333-8FDC-42A3-9474-1A3956D46DE8}") = "Stationary", "Stationary", "{BC6BDCA1-5D03-4411-973F-9C30EFA6A5C5}"
EndProject
Project("{FAE04EC0-301F-11D3-BF4B-00C04F79EFBC}") = "FEM.NonStationary.DTO", "FEM.NonStationary.DTO\FEM.NonStationary.DTO.csproj", "{028D2924-52AE-4855-9F08-213CD882369B}"
EndProject
Project("{FAE04EC0-301F-11D3-BF4B-00C04F79EFBC}") = "FEM.Stationary.DTO", "FEM.Stationary.DTO\FEM.Stationary.DTO.csproj", "{1D50A98D-D5B9-4FC7-8E67-7F625BAE521D}"
EndProject
Project("{FAE04EC0-301F-11D3-BF4B-00C04F79EFBC}") = "FEM.Common.DTO", "FEM.Common.DTO\FEM.Common.DTO.csproj", "{380DDBC0-1B3F-48FC-A913-3FAF06AA40AC}"
EndProject
Global
	GlobalSection(SolutionConfigurationPlatforms) = preSolution
		Debug|Any CPU = Debug|Any CPU
		Release|Any CPU = Release|Any CPU
	EndGlobalSection
	GlobalSection(ProjectConfigurationPlatforms) = postSolution
		{D2D464DE-C194-45E5-A84F-AB7FBEA2F612}.Debug|Any CPU.ActiveCfg = Debug|Any CPU
		{D2D464DE-C194-45E5-A84F-AB7FBEA2F612}.Debug|Any CPU.Build.0 = Debug|Any CPU
		{D2D464DE-C194-45E5-A84F-AB7FBEA2F612}.Release|Any CPU.ActiveCfg = Release|Any CPU
		{D2D464DE-C194-45E5-A84F-AB7FBEA2F612}.Release|Any CPU.Build.0 = Release|Any CPU
		{A138A22C-60D9-4FB0-BBFD-3869BA793E6C}.Debug|Any CPU.ActiveCfg = Debug|Any CPU
		{A138A22C-60D9-4FB0-BBFD-3869BA793E6C}.Debug|Any CPU.Build.0 = Debug|Any CPU
		{A138A22C-60D9-4FB0-BBFD-3869BA793E6C}.Release|Any CPU.ActiveCfg = Release|Any CPU
		{A138A22C-60D9-4FB0-BBFD-3869BA793E6C}.Release|Any CPU.Build.0 = Release|Any CPU
		{FEA8D4B2-49AD-4AB4-BA7C-7992D129C954}.Debug|Any CPU.ActiveCfg = Debug|Any CPU
		{FEA8D4B2-49AD-4AB4-BA7C-7992D129C954}.Debug|Any CPU.Build.0 = Debug|Any CPU
		{FEA8D4B2-49AD-4AB4-BA7C-7992D129C954}.Release|Any CPU.ActiveCfg = Release|Any CPU
		{FEA8D4B2-49AD-4AB4-BA7C-7992D129C954}.Release|Any CPU.Build.0 = Release|Any CPU
		{88E9D046-8E39-49EE-A2C3-EC489AA0D22F}.Debug|Any CPU.ActiveCfg = Debug|Any CPU
		{88E9D046-8E39-49EE-A2C3-EC489AA0D22F}.Debug|Any CPU.Build.0 = Debug|Any CPU
		{88E9D046-8E39-49EE-A2C3-EC489AA0D22F}.Release|Any CPU.ActiveCfg = Release|Any CPU
		{88E9D046-8E39-49EE-A2C3-EC489AA0D22F}.Release|Any CPU.Build.0 = Release|Any CPU
		{E444C04A-040B-459D-B0BD-C746396FF565}.Debug|Any CPU.ActiveCfg = Debug|Any CPU
		{E444C04A-040B-459D-B0BD-C746396FF565}.Debug|Any CPU.Build.0 = Debug|Any CPU
		{E444C04A-040B-459D-B0BD-C746396FF565}.Release|Any CPU.ActiveCfg = Release|Any CPU
		{E444C04A-040B-459D-B0BD-C746396FF565}.Release|Any CPU.Build.0 = Release|Any CPU
		{91461844-7FE6-406D-B358-B86B6278035F}.Debug|Any CPU.ActiveCfg = Debug|Any CPU
		{91461844-7FE6-406D-B358-B86B6278035F}.Debug|Any CPU.Build.0 = Debug|Any CPU
		{91461844-7FE6-406D-B358-B86B6278035F}.Release|Any CPU.ActiveCfg = Release|Any CPU
		{91461844-7FE6-406D-B358-B86B6278035F}.Release|Any CPU.Build.0 = Release|Any CPU
		{E8721982-AE44-44B5-BCFE-B5A4F3C6F0F6}.Debug|Any CPU.ActiveCfg = Debug|Any CPU
		{E8721982-AE44-44B5-BCFE-B5A4F3C6F0F6}.Debug|Any CPU.Build.0 = Debug|Any CPU
		{E8721982-AE44-44B5-BCFE-B5A4F3C6F0F6}.Release|Any CPU.ActiveCfg = Release|Any CPU
		{E8721982-AE44-44B5-BCFE-B5A4F3C6F0F6}.Release|Any CPU.Build.0 = Release|Any CPU
		{CC52F0A0-3FCF-42A6-8896-AD8C131719A4}.Debug|Any CPU.ActiveCfg = Debug|Any CPU
		{CC52F0A0-3FCF-42A6-8896-AD8C131719A4}.Debug|Any CPU.Build.0 = Debug|Any CPU
		{CC52F0A0-3FCF-42A6-8896-AD8C131719A4}.Release|Any CPU.ActiveCfg = Release|Any CPU
		{CC52F0A0-3FCF-42A6-8896-AD8C131719A4}.Release|Any CPU.Build.0 = Release|Any CPU
		{ABF2CD56-922B-4EC2-A3AE-D131717AE278}.Debug|Any CPU.ActiveCfg = Debug|Any CPU
		{ABF2CD56-922B-4EC2-A3AE-D131717AE278}.Debug|Any CPU.Build.0 = Debug|Any CPU
		{ABF2CD56-922B-4EC2-A3AE-D131717AE278}.Release|Any CPU.ActiveCfg = Release|Any CPU
		{ABF2CD56-922B-4EC2-A3AE-D131717AE278}.Release|Any CPU.Build.0 = Release|Any CPU
		{93B63743-46C4-4E0D-8A25-D7D09FF948A5}.Debug|Any CPU.ActiveCfg = Debug|Any CPU
		{93B63743-46C4-4E0D-8A25-D7D09FF948A5}.Debug|Any CPU.Build.0 = Debug|Any CPU
		{93B63743-46C4-4E0D-8A25-D7D09FF948A5}.Release|Any CPU.ActiveCfg = Release|Any CPU
		{93B63743-46C4-4E0D-8A25-D7D09FF948A5}.Release|Any CPU.Build.0 = Release|Any CPU
		{028D2924-52AE-4855-9F08-213CD882369B}.Debug|Any CPU.ActiveCfg = Debug|Any CPU
		{028D2924-52AE-4855-9F08-213CD882369B}.Debug|Any CPU.Build.0 = Debug|Any CPU
		{028D2924-52AE-4855-9F08-213CD882369B}.Release|Any CPU.ActiveCfg = Release|Any CPU
		{028D2924-52AE-4855-9F08-213CD882369B}.Release|Any CPU.Build.0 = Release|Any CPU
		{1D50A98D-D5B9-4FC7-8E67-7F625BAE521D}.Debug|Any CPU.ActiveCfg = Debug|Any CPU
		{1D50A98D-D5B9-4FC7-8E67-7F625BAE521D}.Debug|Any CPU.Build.0 = Debug|Any CPU
		{1D50A98D-D5B9-4FC7-8E67-7F625BAE521D}.Release|Any CPU.ActiveCfg = Release|Any CPU
		{1D50A98D-D5B9-4FC7-8E67-7F625BAE521D}.Release|Any CPU.Build.0 = Release|Any CPU
		{380DDBC0-1B3F-48FC-A913-3FAF06AA40AC}.Debug|Any CPU.ActiveCfg = Debug|Any CPU
		{380DDBC0-1B3F-48FC-A913-3FAF06AA40AC}.Debug|Any CPU.Build.0 = Debug|Any CPU
		{380DDBC0-1B3F-48FC-A913-3FAF06AA40AC}.Release|Any CPU.ActiveCfg = Release|Any CPU
		{380DDBC0-1B3F-48FC-A913-3FAF06AA40AC}.Release|Any CPU.Build.0 = Release|Any CPU
	EndGlobalSection
	GlobalSection(SolutionProperties) = preSolution
		HideSolutionNode = FALSE
	EndGlobalSection
	GlobalSection(NestedProjects) = preSolution
		{D2D464DE-C194-45E5-A84F-AB7FBEA2F612} = {B7148648-4449-4AD2-A6EE-DB1CB09E68F4}
		{A138A22C-60D9-4FB0-BBFD-3869BA793E6C} = {B7148648-4449-4AD2-A6EE-DB1CB09E68F4}
		{FEA8D4B2-49AD-4AB4-BA7C-7992D129C954} = {B7148648-4449-4AD2-A6EE-DB1CB09E68F4}
		{88E9D046-8E39-49EE-A2C3-EC489AA0D22F} = {B7148648-4449-4AD2-A6EE-DB1CB09E68F4}
		{E444C04A-040B-459D-B0BD-C746396FF565} = {6AA42A06-3620-4F03-A7C6-A5F91BFE590F}
		{91461844-7FE6-406D-B358-B86B6278035F} = {B7148648-4449-4AD2-A6EE-DB1CB09E68F4}
		{E8721982-AE44-44B5-BCFE-B5A4F3C6F0F6} = {6AA42A06-3620-4F03-A7C6-A5F91BFE590F}
		{ABF2CD56-922B-4EC2-A3AE-D131717AE278} = {B7148648-4449-4AD2-A6EE-DB1CB09E68F4}
		{2ECFD17F-0771-49F2-8EFC-853FEBA041D7} = {B7148648-4449-4AD2-A6EE-DB1CB09E68F4}
		{BC6BDCA1-5D03-4411-973F-9C30EFA6A5C5} = {B7148648-4449-4AD2-A6EE-DB1CB09E68F4}
		{CC52F0A0-3FCF-42A6-8896-AD8C131719A4} = {2ECFD17F-0771-49F2-8EFC-853FEBA041D7}
		{93B63743-46C4-4E0D-8A25-D7D09FF948A5} = {BC6BDCA1-5D03-4411-973F-9C30EFA6A5C5}
		{028D2924-52AE-4855-9F08-213CD882369B} = {2ECFD17F-0771-49F2-8EFC-853FEBA041D7}
		{1D50A98D-D5B9-4FC7-8E67-7F625BAE521D} = {BC6BDCA1-5D03-4411-973F-9C30EFA6A5C5}
		{380DDBC0-1B3F-48FC-A913-3FAF06AA40AC} = {B7148648-4449-4AD2-A6EE-DB1CB09E68F4}
	EndGlobalSection
	GlobalSection(ExtensibilityGlobals) = postSolution
		SolutionGuid = {F1A165BD-7520-4F6A-91E6-85AE62EE901F}
	EndGlobalSection
EndGlobal
